{
  "object": {
    "pins": [
      {
        "package": "Capsule",
        "repositoryURL": "https://github.com/rbaumbach/Capsule",
        "state": {
          "branch": null,
          "revision": "953f62c879ca0ab61bf1c3ca23bfed00a244b793",
          "version": "0.1.3"
        }
      }
    ]
  },
  "version": 1
}
