// !$*UTF8*$!
{
	archiveVersion = 1;
	classes = {
	};
	objectVersion = 54;
	objects = {

/* Begin PBXBuildFile section */
		135F8B24864A5F30E6A29131 /* Pods_Specs.framework in Frameworks */ = {isa = PBXBuildFile; fileRef = C6AEDCB7A77793D6849DD9E0 /* Pods_Specs.framework */; };
		8FF8E56D809DB5E0171C46A3 /* Pods_Utensils.framework in Frameworks */ = {isa = PBXBuildFile; fileRef = EFFF1C07A0B87A5350505963 /* Pods_Utensils.framework */; };
		9401276A2B20B3F600C0D7CD /* FileLoader.swift in Sources */ = {isa = PBXBuildFile; fileRef = 940127692B20B3F600C0D7CD /* FileLoader.swift */; };
		9404C5652B431523001626C8 /* ClassicNetworkingEngineSpec.swift in Sources */ = {isa = PBXBuildFile; fileRef = 9404C5642B431523001626C8 /* ClassicNetworkingEngineSpec.swift */; };
		9404C5692B43162E001626C8 /* FakeURLRequestBuilder.swift in Sources */ = {isa = PBXBuildFile; fileRef = 9404C5672B431602001626C8 /* FakeURLRequestBuilder.swift */; };
		9404C56C2B43183C001626C8 /* FakeURLSessionExecutor.swift in Sources */ = {isa = PBXBuildFile; fileRef = 9404C56A2B431814001626C8 /* FakeURLSessionExecutor.swift */; };
		9404C56F2B4318E3001626C8 /* FakeNetworkingEngine.swift in Sources */ = {isa = PBXBuildFile; fileRef = 9404C56D2B4318BF001626C8 /* FakeNetworkingEngine.swift */; };
		9404C5722B431AF6001626C8 /* FakeClassicNetworkingEngine.swift in Sources */ = {isa = PBXBuildFile; fileRef = 9404C5702B431AD6001626C8 /* FakeClassicNetworkingEngine.swift */; };
		9404C5742B4332F9001626C8 /* NetworkingEngineSpec.swift in Sources */ = {isa = PBXBuildFile; fileRef = 9404C5732B4332F9001626C8 /* NetworkingEngineSpec.swift */; };
		9406829E238D7F24004278CB /* DebouncerSpec.swift in Sources */ = {isa = PBXBuildFile; fileRef = 9406829D238D7F24004278CB /* DebouncerSpec.swift */; };
		940682AC238EE03A004278CB /* DirectorySpec.swift in Sources */ = {isa = PBXBuildFile; fileRef = 940682AB238EE03A004278CB /* DirectorySpec.swift */; };
		940F9C6E23974A060028937B /* CustomView.swift in Sources */ = {isa = PBXBuildFile; fileRef = 940F9C6D23974A060028937B /* CustomView.swift */; };
		940F9DF3239B143E0028937B /* FakeDirectory.swift in Sources */ = {isa = PBXBuildFile; fileRef = 940F9DF2239B143E0028937B /* FakeDirectory.swift */; };
		940F9DF5239B14440028937B /* Directory.swift in Sources */ = {isa = PBXBuildFile; fileRef = 940F9DF4239B14440028937B /* Directory.swift */; };
		940F9DFA239B14630028937B /* FakeDebouncer.swift in Sources */ = {isa = PBXBuildFile; fileRef = 940F9DF8239B14630028937B /* FakeDebouncer.swift */; };
		940F9DFB239B14630028937B /* FakeTrunk.swift in Sources */ = {isa = PBXBuildFile; fileRef = 940F9DF9239B14630028937B /* FakeTrunk.swift */; };
		940F9DFF239B146D0028937B /* Trunk.swift in Sources */ = {isa = PBXBuildFile; fileRef = 940F9DFC239B146D0028937B /* Trunk.swift */; };
		940F9E01239B146D0028937B /* Debouncer.swift in Sources */ = {isa = PBXBuildFile; fileRef = 940F9DFE239B146D0028937B /* Debouncer.swift */; };
		942B4E782B3A1E290086D749 /* URLRequestInfo.swift in Sources */ = {isa = PBXBuildFile; fileRef = 942B4E772B3A1E290086D749 /* URLRequestInfo.swift */; };
		942B4E7A2B3A92150086D749 /* PequenoNetworkingConstants.swift in Sources */ = {isa = PBXBuildFile; fileRef = 942B4E792B3A92150086D749 /* PequenoNetworkingConstants.swift */; };
		942B4E7C2B3B1D900086D749 /* URLRequestInfoSpec.swift in Sources */ = {isa = PBXBuildFile; fileRef = 942B4E7B2B3B1D900086D749 /* URLRequestInfoSpec.swift */; };
		942B4E7E2B3B206E0086D749 /* PequenoNetworkingConstantsSpec.swift in Sources */ = {isa = PBXBuildFile; fileRef = 942B4E7D2B3B206E0086D749 /* PequenoNetworkingConstantsSpec.swift */; };
		94341AFE238CCECF00BC8355 /* Utensils.h in Headers */ = {isa = PBXBuildFile; fileRef = 94341AFC238CCECF00BC8355 /* Utensils.h */; settings = {ATTRIBUTES = (Public, ); }; };
		944A011E238D7CBD00957702 /* Utensils.framework in Frameworks */ = {isa = PBXBuildFile; fileRef = 94341AF9238CCECF00BC8355 /* Utensils.framework */; };
		94569E152B274845008494E1 /* FileLoaderSpec.swift in Sources */ = {isa = PBXBuildFile; fileRef = 94569E142B274845008494E1 /* FileLoaderSpec.swift */; };
		94569E172B28E279008494E1 /* SomeTestFunctions.swift in Sources */ = {isa = PBXBuildFile; fileRef = 94569E162B28E279008494E1 /* SomeTestFunctions.swift */; };
		94569E202B28EC93008494E1 /* Utensils.framework in Frameworks */ = {isa = PBXBuildFile; fileRef = 94341AF9238CCECF00BC8355 /* Utensils.framework */; platformFilter = ios; };
		94569E282B28EE64008494E1 /* FileLoaderIntegrationSpec.swift in Sources */ = {isa = PBXBuildFile; fileRef = 94569E272B28EE64008494E1 /* FileLoaderIntegrationSpec.swift */; };
		94569E2E2B28F655008494E1 /* file.json in Resources */ = {isa = PBXBuildFile; fileRef = 94569E2A2B28EF10008494E1 /* file.json */; };
		94569E302B29F596008494E1 /* FakeFileLoader.swift in Sources */ = {isa = PBXBuildFile; fileRef = 94569E2F2B29F596008494E1 /* FakeFileLoader.swift */; };
		94569E372B2CB1EE008494E1 /* FileLoader+Utensils.swift in Sources */ = {isa = PBXBuildFile; fileRef = 94569E362B2CB1EE008494E1 /* FileLoader+Utensils.swift */; };
		94569E3A2B2DDBA4008494E1 /* FileLoader+UtensilsSpec.swift in Sources */ = {isa = PBXBuildFile; fileRef = 94569E392B2DDBA4008494E1 /* FileLoader+UtensilsSpec.swift */; };
		94569E462B2F35BE008494E1 /* PequenoNetworking+Error.swift in Sources */ = {isa = PBXBuildFile; fileRef = 94569E452B2F35BE008494E1 /* PequenoNetworking+Error.swift */; };
		94569E482B2F9FDA008494E1 /* HTTPMethod.swift in Sources */ = {isa = PBXBuildFile; fileRef = 94569E472B2F9FDA008494E1 /* HTTPMethod.swift */; };
		94569E512B2FDCAC008494E1 /* HTTPMethodSpec.swift in Sources */ = {isa = PBXBuildFile; fileRef = 94569E502B2FDCAC008494E1 /* HTTPMethodSpec.swift */; };
		94569E532B2FDEA7008494E1 /* PequenoNetworking+ErrorSpec.swift in Sources */ = {isa = PBXBuildFile; fileRef = 94569E522B2FDEA7008494E1 /* PequenoNetworking+ErrorSpec.swift */; };
		94569E552B2FE491008494E1 /* PequenoNetworkingSpec.swift in Sources */ = {isa = PBXBuildFile; fileRef = 94569E542B2FE491008494E1 /* PequenoNetworkingSpec.swift */; };
		94569E582B30E19D008494E1 /* SomeTestFunctions.swift in Sources */ = {isa = PBXBuildFile; fileRef = 94569E162B28E279008494E1 /* SomeTestFunctions.swift */; };
		94569E5B2B30E776008494E1 /* SpecModels.swift in Sources */ = {isa = PBXBuildFile; fileRef = 94569E5A2B30E776008494E1 /* SpecModels.swift */; };
		94569E5D2B36498F008494E1 /* PequenoNetworking.swift in Sources */ = {isa = PBXBuildFile; fileRef = 94569E5C2B36498F008494E1 /* PequenoNetworking.swift */; };
		94630F0723A93E870054BAAD /* Validator.swift in Sources */ = {isa = PBXBuildFile; fileRef = 94630F0623A93E870054BAAD /* Validator.swift */; };
		94630F0923AA6D440054BAAD /* ValidatorSpec.swift in Sources */ = {isa = PBXBuildFile; fileRef = 94630F0823AA6D440054BAAD /* ValidatorSpec.swift */; };
		94630F0B23AA76CB0054BAAD /* SpecModels.swift in Sources */ = {isa = PBXBuildFile; fileRef = 94630F0A23AA76CB0054BAAD /* SpecModels.swift */; };
		946AB1792390568C003D0016 /* TrunkSpec.swift in Sources */ = {isa = PBXBuildFile; fileRef = 946AB1782390568C003D0016 /* TrunkSpec.swift */; };
		947266402B4DBDDD00353F4E /* DirectoryIntegrationSpec.swift in Sources */ = {isa = PBXBuildFile; fileRef = 9472663F2B4DBDDD00353F4E /* DirectoryIntegrationSpec.swift */; };
		947266422B4DE92500353F4E /* URLSessionExecutorIntegrationSpec.swift in Sources */ = {isa = PBXBuildFile; fileRef = 947266412B4DE92500353F4E /* URLSessionExecutorIntegrationSpec.swift */; };
		947266442B4E208700353F4E /* CleanupUtils.swift in Sources */ = {isa = PBXBuildFile; fileRef = 947266432B4E208700353F4E /* CleanupUtils.swift */; };
		947266472B4F85E900353F4E /* FileManager+Utensils.swift in Sources */ = {isa = PBXBuildFile; fileRef = 947266452B4F671A00353F4E /* FileManager+Utensils.swift */; };
		9472664B2B4F86EA00353F4E /* FakeFileManagerUtensils.swift in Sources */ = {isa = PBXBuildFile; fileRef = 947266492B4F86C500353F4E /* FakeFileManagerUtensils.swift */; };
		947266542B505D6400353F4E /* TrunkIntegrationSpec.swift in Sources */ = {isa = PBXBuildFile; fileRef = 947266532B505D6400353F4E /* TrunkIntegrationSpec.swift */; };
		947266582B506A8B00353F4E /* Directory+Error.swift in Sources */ = {isa = PBXBuildFile; fileRef = 947266562B506A3A00353F4E /* Directory+Error.swift */; };
		9472665C2B5076AA00353F4E /* Directory+ErrorSpec.swift in Sources */ = {isa = PBXBuildFile; fileRef = 9472665B2B5076AA00353F4E /* Directory+ErrorSpec.swift */; };
		94872AF42915D16F00D3528B /* DefaultAppLaunchView.swift in Sources */ = {isa = PBXBuildFile; fileRef = 94872AF22915D16F00D3528B /* DefaultAppLaunchView.swift */; };
		94872AF52915D16F00D3528B /* AppLaunchViewController.swift in Sources */ = {isa = PBXBuildFile; fileRef = 94872AF32915D16F00D3528B /* AppLaunchViewController.swift */; };
		94872AF92915D20700D3528B /* Bundle+Utensils.swift in Sources */ = {isa = PBXBuildFile; fileRef = 94872AF82915D20700D3528B /* Bundle+Utensils.swift */; };
		94872AFF2915D28E00D3528B /* Trunk+Utensils.swift in Sources */ = {isa = PBXBuildFile; fileRef = 94872AFE2915D28E00D3528B /* Trunk+Utensils.swift */; };
		94B2AE712B3740900081B1FE /* PequenoNetworkingIntegrationSpec.swift in Sources */ = {isa = PBXBuildFile; fileRef = 94B2AE702B3740900081B1FE /* PequenoNetworkingIntegrationSpec.swift */; };
		94BCF31C2B485F38008A5D78 /* FakePequenoNetworking.swift in Sources */ = {isa = PBXBuildFile; fileRef = 94BCF31B2B485F37008A5D78 /* FakePequenoNetworking.swift */; };
		94DB4641239479EF00D0C0A2 /* AppLaunchViewControllerSpec.swift in Sources */ = {isa = PBXBuildFile; fileRef = 94DB4640239479EF00D0C0A2 /* AppLaunchViewControllerSpec.swift */; };
		94FD50582B3B24770090455F /* URLRequestBuilder.swift in Sources */ = {isa = PBXBuildFile; fileRef = 94FD50572B3B24770090455F /* URLRequestBuilder.swift */; };
		94FD505B2B3B26020090455F /* URLRequestBuilderSpec.swift in Sources */ = {isa = PBXBuildFile; fileRef = 94FD505A2B3B26020090455F /* URLRequestBuilderSpec.swift */; };
		94FD505D2B3B48280090455F /* URLSessionExecutor.swift in Sources */ = {isa = PBXBuildFile; fileRef = 94FD505C2B3B48280090455F /* URLSessionExecutor.swift */; };
		94FD505F2B3B4A7B0090455F /* URLSessionExecutorSpec.swift in Sources */ = {isa = PBXBuildFile; fileRef = 94FD505E2B3B4A7B0090455F /* URLSessionExecutorSpec.swift */; };
		94FD50602B3B8F9A0090455F /* ClassicNetworkingEngine.swift in Sources */ = {isa = PBXBuildFile; fileRef = 942B4E7F2B3B22420086D749 /* ClassicNetworkingEngine.swift */; };
		94FD50632B3C7C4F0090455F /* NetworkingEngine.swift in Sources */ = {isa = PBXBuildFile; fileRef = 94FD50612B3C7B8B0090455F /* NetworkingEngine.swift */; };
		B9767CBDEC35DF4B014C4D1F /* Pods_IntegrationSpecs.framework in Frameworks */ = {isa = PBXBuildFile; fileRef = C675609842C623220C7BDF38 /* Pods_IntegrationSpecs.framework */; };
/* End PBXBuildFile section */

/* Begin PBXContainerItemProxy section */
		944A011F238D7CBD00957702 /* PBXContainerItemProxy */ = {
			isa = PBXContainerItemProxy;
			containerPortal = 94341AF0238CCECF00BC8355 /* Project object */;
			proxyType = 1;
			remoteGlobalIDString = 94341AF8238CCECF00BC8355;
			remoteInfo = Utensils;
		};
		94569E212B28EC93008494E1 /* PBXContainerItemProxy */ = {
			isa = PBXContainerItemProxy;
			containerPortal = 94341AF0238CCECF00BC8355 /* Project object */;
			proxyType = 1;
			remoteGlobalIDString = 94341AF8238CCECF00BC8355;
			remoteInfo = Utensils;
		};
/* End PBXContainerItemProxy section */

/* Begin PBXCopyFilesBuildPhase section */
		9404C5872B43BD20001626C8 /* Embed Frameworks */ = {
			isa = PBXCopyFilesBuildPhase;
			buildActionMask = 2147483647;
			dstPath = "";
			dstSubfolderSpec = 10;
			files = (
			);
			name = "Embed Frameworks";
			runOnlyForDeploymentPostprocessing = 0;
		};
/* End PBXCopyFilesBuildPhase section */

/* Begin PBXFileReference section */
		0F65C3E235F028D5409A1E1C /* Pods-Utensils.debug.xcconfig */ = {isa = PBXFileReference; includeInIndex = 1; lastKnownFileType = text.xcconfig; name = "Pods-Utensils.debug.xcconfig"; path = "Target Support Files/Pods-Utensils/Pods-Utensils.debug.xcconfig"; sourceTree = "<group>"; };
		2C8107B3228DC8AD8DAFF86E /* Pods-Utensils.release.xcconfig */ = {isa = PBXFileReference; includeInIndex = 1; lastKnownFileType = text.xcconfig; name = "Pods-Utensils.release.xcconfig"; path = "Target Support Files/Pods-Utensils/Pods-Utensils.release.xcconfig"; sourceTree = "<group>"; };
		3A6F222921BB88AC6112B781 /* Pods-Specs.release.xcconfig */ = {isa = PBXFileReference; includeInIndex = 1; lastKnownFileType = text.xcconfig; name = "Pods-Specs.release.xcconfig"; path = "Target Support Files/Pods-Specs/Pods-Specs.release.xcconfig"; sourceTree = "<group>"; };
		5A14836A6AD19BEAEE8B91C2 /* Pods-IntegrationSpecs.debug.xcconfig */ = {isa = PBXFileReference; includeInIndex = 1; lastKnownFileType = text.xcconfig; name = "Pods-IntegrationSpecs.debug.xcconfig"; path = "Target Support Files/Pods-IntegrationSpecs/Pods-IntegrationSpecs.debug.xcconfig"; sourceTree = "<group>"; };
		940127692B20B3F600C0D7CD /* FileLoader.swift */ = {isa = PBXFileReference; lastKnownFileType = sourcecode.swift; path = FileLoader.swift; sourceTree = "<group>"; };
		9404C5642B431523001626C8 /* ClassicNetworkingEngineSpec.swift */ = {isa = PBXFileReference; lastKnownFileType = sourcecode.swift; path = ClassicNetworkingEngineSpec.swift; sourceTree = "<group>"; };
		9404C5672B431602001626C8 /* FakeURLRequestBuilder.swift */ = {isa = PBXFileReference; lastKnownFileType = sourcecode.swift; path = FakeURLRequestBuilder.swift; sourceTree = "<group>"; };
		9404C56A2B431814001626C8 /* FakeURLSessionExecutor.swift */ = {isa = PBXFileReference; lastKnownFileType = sourcecode.swift; path = FakeURLSessionExecutor.swift; sourceTree = "<group>"; };
		9404C56D2B4318BF001626C8 /* FakeNetworkingEngine.swift */ = {isa = PBXFileReference; lastKnownFileType = sourcecode.swift; path = FakeNetworkingEngine.swift; sourceTree = "<group>"; };
		9404C5702B431AD6001626C8 /* FakeClassicNetworkingEngine.swift */ = {isa = PBXFileReference; lastKnownFileType = sourcecode.swift; path = FakeClassicNetworkingEngine.swift; sourceTree = "<group>"; };
		9404C5732B4332F9001626C8 /* NetworkingEngineSpec.swift */ = {isa = PBXFileReference; lastKnownFileType = sourcecode.swift; path = NetworkingEngineSpec.swift; sourceTree = "<group>"; };
		9406829D238D7F24004278CB /* DebouncerSpec.swift */ = {isa = PBXFileReference; lastKnownFileType = sourcecode.swift; path = DebouncerSpec.swift; sourceTree = "<group>"; };
		940682AB238EE03A004278CB /* DirectorySpec.swift */ = {isa = PBXFileReference; lastKnownFileType = sourcecode.swift; path = DirectorySpec.swift; sourceTree = "<group>"; };
		940F9C6D23974A060028937B /* CustomView.swift */ = {isa = PBXFileReference; lastKnownFileType = sourcecode.swift; path = CustomView.swift; sourceTree = "<group>"; };
		940F9DB12399CA940028937B /* Capsule.framework */ = {isa = PBXFileReference; lastKnownFileType = wrapper.framework; name = Capsule.framework; path = Carthage/Build/iOS/Capsule.framework; sourceTree = "<group>"; };
		940F9DF2239B143E0028937B /* FakeDirectory.swift */ = {isa = PBXFileReference; fileEncoding = 4; lastKnownFileType = sourcecode.swift; path = FakeDirectory.swift; sourceTree = "<group>"; };
		940F9DF4239B14440028937B /* Directory.swift */ = {isa = PBXFileReference; fileEncoding = 4; lastKnownFileType = sourcecode.swift; path = Directory.swift; sourceTree = "<group>"; };
		940F9DF8239B14630028937B /* FakeDebouncer.swift */ = {isa = PBXFileReference; fileEncoding = 4; lastKnownFileType = sourcecode.swift; path = FakeDebouncer.swift; sourceTree = "<group>"; };
		940F9DF9239B14630028937B /* FakeTrunk.swift */ = {isa = PBXFileReference; fileEncoding = 4; lastKnownFileType = sourcecode.swift; path = FakeTrunk.swift; sourceTree = "<group>"; };
		940F9DFC239B146D0028937B /* Trunk.swift */ = {isa = PBXFileReference; fileEncoding = 4; lastKnownFileType = sourcecode.swift; path = Trunk.swift; sourceTree = "<group>"; };
		940F9DFE239B146D0028937B /* Debouncer.swift */ = {isa = PBXFileReference; fileEncoding = 4; lastKnownFileType = sourcecode.swift; path = Debouncer.swift; sourceTree = "<group>"; };
		942B4E772B3A1E290086D749 /* URLRequestInfo.swift */ = {isa = PBXFileReference; lastKnownFileType = sourcecode.swift; path = URLRequestInfo.swift; sourceTree = "<group>"; };
		942B4E792B3A92150086D749 /* PequenoNetworkingConstants.swift */ = {isa = PBXFileReference; lastKnownFileType = sourcecode.swift; path = PequenoNetworkingConstants.swift; sourceTree = "<group>"; };
		942B4E7B2B3B1D900086D749 /* URLRequestInfoSpec.swift */ = {isa = PBXFileReference; lastKnownFileType = sourcecode.swift; path = URLRequestInfoSpec.swift; sourceTree = "<group>"; };
		942B4E7D2B3B206E0086D749 /* PequenoNetworkingConstantsSpec.swift */ = {isa = PBXFileReference; lastKnownFileType = sourcecode.swift; path = PequenoNetworkingConstantsSpec.swift; sourceTree = "<group>"; };
		942B4E7F2B3B22420086D749 /* ClassicNetworkingEngine.swift */ = {isa = PBXFileReference; lastKnownFileType = sourcecode.swift; path = ClassicNetworkingEngine.swift; sourceTree = "<group>"; };
		94341AF9238CCECF00BC8355 /* Utensils.framework */ = {isa = PBXFileReference; explicitFileType = wrapper.framework; includeInIndex = 0; path = Utensils.framework; sourceTree = BUILT_PRODUCTS_DIR; };
		94341AFC238CCECF00BC8355 /* Utensils.h */ = {isa = PBXFileReference; lastKnownFileType = sourcecode.c.h; path = Utensils.h; sourceTree = "<group>"; };
		94341AFD238CCECF00BC8355 /* Info.plist */ = {isa = PBXFileReference; lastKnownFileType = text.plist.xml; path = Info.plist; sourceTree = "<group>"; };
		944A0119238D7CBD00957702 /* Specs.xctest */ = {isa = PBXFileReference; explicitFileType = wrapper.cfbundle; includeInIndex = 0; path = Specs.xctest; sourceTree = BUILT_PRODUCTS_DIR; };
		944A011D238D7CBD00957702 /* Info.plist */ = {isa = PBXFileReference; lastKnownFileType = text.plist.xml; path = Info.plist; sourceTree = "<group>"; };
		94569E142B274845008494E1 /* FileLoaderSpec.swift */ = {isa = PBXFileReference; lastKnownFileType = sourcecode.swift; path = FileLoaderSpec.swift; sourceTree = "<group>"; };
		94569E162B28E279008494E1 /* SomeTestFunctions.swift */ = {isa = PBXFileReference; lastKnownFileType = sourcecode.swift; path = SomeTestFunctions.swift; sourceTree = "<group>"; };
		94569E1C2B28EC93008494E1 /* IntegrationSpecs.xctest */ = {isa = PBXFileReference; explicitFileType = wrapper.cfbundle; includeInIndex = 0; path = IntegrationSpecs.xctest; sourceTree = BUILT_PRODUCTS_DIR; };
		94569E272B28EE64008494E1 /* FileLoaderIntegrationSpec.swift */ = {isa = PBXFileReference; lastKnownFileType = sourcecode.swift; path = FileLoaderIntegrationSpec.swift; sourceTree = "<group>"; };
		94569E2A2B28EF10008494E1 /* file.json */ = {isa = PBXFileReference; lastKnownFileType = text.json; path = file.json; sourceTree = "<group>"; };
		94569E2F2B29F596008494E1 /* FakeFileLoader.swift */ = {isa = PBXFileReference; lastKnownFileType = sourcecode.swift; path = FakeFileLoader.swift; sourceTree = "<group>"; };
		94569E362B2CB1EE008494E1 /* FileLoader+Utensils.swift */ = {isa = PBXFileReference; lastKnownFileType = sourcecode.swift; path = "FileLoader+Utensils.swift"; sourceTree = "<group>"; };
		94569E392B2DDBA4008494E1 /* FileLoader+UtensilsSpec.swift */ = {isa = PBXFileReference; lastKnownFileType = sourcecode.swift; path = "FileLoader+UtensilsSpec.swift"; sourceTree = "<group>"; };
		94569E452B2F35BE008494E1 /* PequenoNetworking+Error.swift */ = {isa = PBXFileReference; lastKnownFileType = sourcecode.swift; path = "PequenoNetworking+Error.swift"; sourceTree = "<group>"; };
		94569E472B2F9FDA008494E1 /* HTTPMethod.swift */ = {isa = PBXFileReference; lastKnownFileType = sourcecode.swift; path = HTTPMethod.swift; sourceTree = "<group>"; };
		94569E502B2FDCAC008494E1 /* HTTPMethodSpec.swift */ = {isa = PBXFileReference; lastKnownFileType = sourcecode.swift; path = HTTPMethodSpec.swift; sourceTree = "<group>"; };
		94569E522B2FDEA7008494E1 /* PequenoNetworking+ErrorSpec.swift */ = {isa = PBXFileReference; lastKnownFileType = sourcecode.swift; path = "PequenoNetworking+ErrorSpec.swift"; sourceTree = "<group>"; };
		94569E542B2FE491008494E1 /* PequenoNetworkingSpec.swift */ = {isa = PBXFileReference; lastKnownFileType = sourcecode.swift; path = PequenoNetworkingSpec.swift; sourceTree = "<group>"; };
		94569E5A2B30E776008494E1 /* SpecModels.swift */ = {isa = PBXFileReference; lastKnownFileType = sourcecode.swift; path = SpecModels.swift; sourceTree = "<group>"; };
		94569E5C2B36498F008494E1 /* PequenoNetworking.swift */ = {isa = PBXFileReference; lastKnownFileType = sourcecode.swift; path = PequenoNetworking.swift; sourceTree = "<group>"; };
		94630F0623A93E870054BAAD /* Validator.swift */ = {isa = PBXFileReference; lastKnownFileType = sourcecode.swift; path = Validator.swift; sourceTree = "<group>"; };
		94630F0823AA6D440054BAAD /* ValidatorSpec.swift */ = {isa = PBXFileReference; lastKnownFileType = sourcecode.swift; path = ValidatorSpec.swift; sourceTree = "<group>"; };
		94630F0A23AA76CB0054BAAD /* SpecModels.swift */ = {isa = PBXFileReference; lastKnownFileType = sourcecode.swift; path = SpecModels.swift; sourceTree = "<group>"; };
		946AB1782390568C003D0016 /* TrunkSpec.swift */ = {isa = PBXFileReference; lastKnownFileType = sourcecode.swift; path = TrunkSpec.swift; sourceTree = "<group>"; };
		9472663F2B4DBDDD00353F4E /* DirectoryIntegrationSpec.swift */ = {isa = PBXFileReference; lastKnownFileType = sourcecode.swift; path = DirectoryIntegrationSpec.swift; sourceTree = "<group>"; };
		947266412B4DE92500353F4E /* URLSessionExecutorIntegrationSpec.swift */ = {isa = PBXFileReference; lastKnownFileType = sourcecode.swift; path = URLSessionExecutorIntegrationSpec.swift; sourceTree = "<group>"; };
		947266432B4E208700353F4E /* CleanupUtils.swift */ = {isa = PBXFileReference; lastKnownFileType = sourcecode.swift; path = CleanupUtils.swift; sourceTree = "<group>"; };
		947266452B4F671A00353F4E /* FileManager+Utensils.swift */ = {isa = PBXFileReference; lastKnownFileType = sourcecode.swift; path = "FileManager+Utensils.swift"; sourceTree = "<group>"; };
		947266492B4F86C500353F4E /* FakeFileManagerUtensils.swift */ = {isa = PBXFileReference; lastKnownFileType = sourcecode.swift; path = FakeFileManagerUtensils.swift; sourceTree = "<group>"; };
		947266532B505D6400353F4E /* TrunkIntegrationSpec.swift */ = {isa = PBXFileReference; lastKnownFileType = sourcecode.swift; path = TrunkIntegrationSpec.swift; sourceTree = "<group>"; };
		947266562B506A3A00353F4E /* Directory+Error.swift */ = {isa = PBXFileReference; lastKnownFileType = sourcecode.swift; path = "Directory+Error.swift"; sourceTree = "<group>"; };
		9472665B2B5076AA00353F4E /* Directory+ErrorSpec.swift */ = {isa = PBXFileReference; lastKnownFileType = sourcecode.swift; path = "Directory+ErrorSpec.swift"; sourceTree = "<group>"; };
		94872AEE2915CD5A00D3528B /* Package.swift */ = {isa = PBXFileReference; fileEncoding = 4; lastKnownFileType = sourcecode.swift; path = Package.swift; sourceTree = "<group>"; };
		94872AF22915D16F00D3528B /* DefaultAppLaunchView.swift */ = {isa = PBXFileReference; fileEncoding = 4; lastKnownFileType = sourcecode.swift; path = DefaultAppLaunchView.swift; sourceTree = "<group>"; };
		94872AF32915D16F00D3528B /* AppLaunchViewController.swift */ = {isa = PBXFileReference; fileEncoding = 4; lastKnownFileType = sourcecode.swift; path = AppLaunchViewController.swift; sourceTree = "<group>"; };
		94872AF82915D20700D3528B /* Bundle+Utensils.swift */ = {isa = PBXFileReference; fileEncoding = 4; lastKnownFileType = sourcecode.swift; path = "Bundle+Utensils.swift"; sourceTree = "<group>"; };
		94872AFE2915D28E00D3528B /* Trunk+Utensils.swift */ = {isa = PBXFileReference; fileEncoding = 4; lastKnownFileType = sourcecode.swift; path = "Trunk+Utensils.swift"; sourceTree = "<group>"; };
		94B2AE702B3740900081B1FE /* PequenoNetworkingIntegrationSpec.swift */ = {isa = PBXFileReference; lastKnownFileType = sourcecode.swift; path = PequenoNetworkingIntegrationSpec.swift; sourceTree = "<group>"; };
		94BCF31B2B485F37008A5D78 /* FakePequenoNetworking.swift */ = {isa = PBXFileReference; lastKnownFileType = sourcecode.swift; path = FakePequenoNetworking.swift; sourceTree = "<group>"; };
		94DB4640239479EF00D0C0A2 /* AppLaunchViewControllerSpec.swift */ = {isa = PBXFileReference; lastKnownFileType = sourcecode.swift; path = AppLaunchViewControllerSpec.swift; sourceTree = "<group>"; };
		94FD50572B3B24770090455F /* URLRequestBuilder.swift */ = {isa = PBXFileReference; lastKnownFileType = sourcecode.swift; path = URLRequestBuilder.swift; sourceTree = "<group>"; };
		94FD505A2B3B26020090455F /* URLRequestBuilderSpec.swift */ = {isa = PBXFileReference; lastKnownFileType = sourcecode.swift; path = URLRequestBuilderSpec.swift; sourceTree = "<group>"; };
		94FD505C2B3B48280090455F /* URLSessionExecutor.swift */ = {isa = PBXFileReference; lastKnownFileType = sourcecode.swift; path = URLSessionExecutor.swift; sourceTree = "<group>"; };
		94FD505E2B3B4A7B0090455F /* URLSessionExecutorSpec.swift */ = {isa = PBXFileReference; lastKnownFileType = sourcecode.swift; path = URLSessionExecutorSpec.swift; sourceTree = "<group>"; };
		94FD50612B3C7B8B0090455F /* NetworkingEngine.swift */ = {isa = PBXFileReference; lastKnownFileType = sourcecode.swift; path = NetworkingEngine.swift; sourceTree = "<group>"; };
		9F3A5BD0ACB0A9B3B2A60C30 /* Pods-IntegrationSpecs.release.xcconfig */ = {isa = PBXFileReference; includeInIndex = 1; lastKnownFileType = text.xcconfig; name = "Pods-IntegrationSpecs.release.xcconfig"; path = "Target Support Files/Pods-IntegrationSpecs/Pods-IntegrationSpecs.release.xcconfig"; sourceTree = "<group>"; };
		A549590B733FCDA00A8D606F /* Pods-Specs.debug.xcconfig */ = {isa = PBXFileReference; includeInIndex = 1; lastKnownFileType = text.xcconfig; name = "Pods-Specs.debug.xcconfig"; path = "Target Support Files/Pods-Specs/Pods-Specs.debug.xcconfig"; sourceTree = "<group>"; };
		C675609842C623220C7BDF38 /* Pods_IntegrationSpecs.framework */ = {isa = PBXFileReference; explicitFileType = wrapper.framework; includeInIndex = 0; path = Pods_IntegrationSpecs.framework; sourceTree = BUILT_PRODUCTS_DIR; };
		C6AEDCB7A77793D6849DD9E0 /* Pods_Specs.framework */ = {isa = PBXFileReference; explicitFileType = wrapper.framework; includeInIndex = 0; path = Pods_Specs.framework; sourceTree = BUILT_PRODUCTS_DIR; };
		EFFF1C07A0B87A5350505963 /* Pods_Utensils.framework */ = {isa = PBXFileReference; explicitFileType = wrapper.framework; includeInIndex = 0; path = Pods_Utensils.framework; sourceTree = BUILT_PRODUCTS_DIR; };
/* End PBXFileReference section */

/* Begin PBXFrameworksBuildPhase section */
		94341AF6238CCECF00BC8355 /* Frameworks */ = {
			isa = PBXFrameworksBuildPhase;
			buildActionMask = 2147483647;
			files = (
				8FF8E56D809DB5E0171C46A3 /* Pods_Utensils.framework in Frameworks */,
			);
			runOnlyForDeploymentPostprocessing = 0;
		};
		944A0116238D7CBD00957702 /* Frameworks */ = {
			isa = PBXFrameworksBuildPhase;
			buildActionMask = 2147483647;
			files = (
				944A011E238D7CBD00957702 /* Utensils.framework in Frameworks */,
				135F8B24864A5F30E6A29131 /* Pods_Specs.framework in Frameworks */,
			);
			runOnlyForDeploymentPostprocessing = 0;
		};
		94569E192B28EC93008494E1 /* Frameworks */ = {
			isa = PBXFrameworksBuildPhase;
			buildActionMask = 2147483647;
			files = (
				94569E202B28EC93008494E1 /* Utensils.framework in Frameworks */,
				B9767CBDEC35DF4B014C4D1F /* Pods_IntegrationSpecs.framework in Frameworks */,
			);
			runOnlyForDeploymentPostprocessing = 0;
		};
/* End PBXFrameworksBuildPhase section */

/* Begin PBXGroup section */
		6E4023168A777314D411F10C /* Pods */ = {
			isa = PBXGroup;
			children = (
				A549590B733FCDA00A8D606F /* Pods-Specs.debug.xcconfig */,
				3A6F222921BB88AC6112B781 /* Pods-Specs.release.xcconfig */,
				0F65C3E235F028D5409A1E1C /* Pods-Utensils.debug.xcconfig */,
				2C8107B3228DC8AD8DAFF86E /* Pods-Utensils.release.xcconfig */,
				5A14836A6AD19BEAEE8B91C2 /* Pods-IntegrationSpecs.debug.xcconfig */,
				9F3A5BD0ACB0A9B3B2A60C30 /* Pods-IntegrationSpecs.release.xcconfig */,
			);
			path = Pods;
			sourceTree = "<group>";
		};
		9404C5632B431448001626C8 /* Engine */ = {
			isa = PBXGroup;
			children = (
				9404C5642B431523001626C8 /* ClassicNetworkingEngineSpec.swift */,
				9404C5732B4332F9001626C8 /* NetworkingEngineSpec.swift */,
				94FD505E2B3B4A7B0090455F /* URLSessionExecutorSpec.swift */,
			);
			path = Engine;
			sourceTree = "<group>";
		};
		9404C5662B4315F4001626C8 /* Fakes */ = {
			isa = PBXGroup;
			children = (
				9404C5702B431AD6001626C8 /* FakeClassicNetworkingEngine.swift */,
				9404C56D2B4318BF001626C8 /* FakeNetworkingEngine.swift */,
				94BCF31B2B485F37008A5D78 /* FakePequenoNetworking.swift */,
				9404C5672B431602001626C8 /* FakeURLRequestBuilder.swift */,
				9404C56A2B431814001626C8 /* FakeURLSessionExecutor.swift */,
			);
			path = Fakes;
			sourceTree = "<group>";
		};
		9406829C238D7D0E004278CB /* Supporting Files */ = {
			isa = PBXGroup;
			children = (
				944A011D238D7CBD00957702 /* Info.plist */,
			);
			path = "Supporting Files";
			sourceTree = "<group>";
		};
		9406829F238D7FAE004278CB /* Tools */ = {
			isa = PBXGroup;
			children = (
				94569E332B2CB1B0008494E1 /* FileLoader */,
				94569E4F2B2FDC9C008494E1 /* PequenoNetworking */,
				94569E382B2CB6EE008494E1 /* Trunk */,
				9406829D238D7F24004278CB /* DebouncerSpec.swift */,
				94630F0823AA6D440054BAAD /* ValidatorSpec.swift */,
			);
			path = Tools;
			sourceTree = "<group>";
		};
		940682AA238EE021004278CB /* Models */ = {
			isa = PBXGroup;
			children = (
				9472665B2B5076AA00353F4E /* Directory+ErrorSpec.swift */,
				940682AB238EE03A004278CB /* DirectorySpec.swift */,
			);
			path = Models;
			sourceTree = "<group>";
		};
		940F9DEB239B13910028937B /* Sources */ = {
			isa = PBXGroup;
			children = (
				940F9DEC239B13970028937B /* Utensils */,
			);
			path = Sources;
			sourceTree = "<group>";
		};
		940F9DEC239B13970028937B /* Utensils */ = {
			isa = PBXGroup;
			children = (
				94872AF72915D1CE00D3528B /* Extensions */,
				94872AFA2915D23700D3528B /* Models */,
				94872AFC2915D25C00D3528B /* Tools */,
				94872AF12915D15400D3528B /* ViewControllers */,
				94872AF62915D1B600D3528B /* Views */,
			);
			path = Utensils;
			sourceTree = "<group>";
		};
		942B4E812B3B224C0086D749 /* Engine */ = {
			isa = PBXGroup;
			children = (
				942B4E7F2B3B22420086D749 /* ClassicNetworkingEngine.swift */,
				94FD50612B3C7B8B0090455F /* NetworkingEngine.swift */,
				94FD505C2B3B48280090455F /* URLSessionExecutor.swift */,
			);
			path = Engine;
			sourceTree = "<group>";
		};
		94341AEF238CCECF00BC8355 = {
			isa = PBXGroup;
			children = (
				94872AEE2915CD5A00D3528B /* Package.swift */,
				94341AFB238CCECF00BC8355 /* Utensils */,
				940F9DEB239B13910028937B /* Sources */,
				944A011A238D7CBD00957702 /* Specs */,
				94569E1D2B28EC93008494E1 /* IntegrationSpecs */,
				94341AFA238CCECF00BC8355 /* Products */,
				6E4023168A777314D411F10C /* Pods */,
				A652C60D94DF4AACE28CB4B1 /* Frameworks */,
			);
			sourceTree = "<group>";
		};
		94341AFA238CCECF00BC8355 /* Products */ = {
			isa = PBXGroup;
			children = (
				94341AF9238CCECF00BC8355 /* Utensils.framework */,
				944A0119238D7CBD00957702 /* Specs.xctest */,
				94569E1C2B28EC93008494E1 /* IntegrationSpecs.xctest */,
			);
			name = Products;
			sourceTree = "<group>";
		};
		94341AFB238CCECF00BC8355 /* Utensils */ = {
			isa = PBXGroup;
			children = (
				94341AFC238CCECF00BC8355 /* Utensils.h */,
				94341AFD238CCECF00BC8355 /* Info.plist */,
			);
			path = Utensils;
			sourceTree = "<group>";
		};
		944A011A238D7CBD00957702 /* Specs */ = {
			isa = PBXGroup;
			children = (
				940682AA238EE021004278CB /* Models */,
				94DB464223947BA500D0C0A2 /* Spec Files */,
				9406829F238D7FAE004278CB /* Tools */,
				94DB463F239479C900D0C0A2 /* ViewControllers */,
				9406829C238D7D0E004278CB /* Supporting Files */,
			);
			path = Specs;
			sourceTree = "<group>";
		};
		94569E1D2B28EC93008494E1 /* IntegrationSpecs */ = {
			isa = PBXGroup;
			children = (
				9472664F2B5056A500353F4E /* Models */,
				94569E592B30E765008494E1 /* Spec Files */,
				94569E262B28EE49008494E1 /* Tools */,
				94569E292B28EEFE008494E1 /* Resources */,
			);
			path = IntegrationSpecs;
			sourceTree = "<group>";
		};
		94569E262B28EE49008494E1 /* Tools */ = {
			isa = PBXGroup;
			children = (
				947266552B505D6F00353F4E /* FileLoader */,
				94B2AE6F2B3740770081B1FE /* PequenoNetworking */,
				947266522B505D5700353F4E /* Trunk */,
			);
			path = Tools;
			sourceTree = "<group>";
		};
		94569E292B28EEFE008494E1 /* Resources */ = {
			isa = PBXGroup;
			children = (
				94569E2A2B28EF10008494E1 /* file.json */,
			);
			path = Resources;
			sourceTree = "<group>";
		};
		94569E332B2CB1B0008494E1 /* FileLoader */ = {
			isa = PBXGroup;
			children = (
				94569E142B274845008494E1 /* FileLoaderSpec.swift */,
				94569E392B2DDBA4008494E1 /* FileLoader+UtensilsSpec.swift */,
			);
			path = FileLoader;
			sourceTree = "<group>";
		};
		94569E342B2CB1C6008494E1 /* FileLoader */ = {
			isa = PBXGroup;
			children = (
				940127692B20B3F600C0D7CD /* FileLoader.swift */,
				94569E362B2CB1EE008494E1 /* FileLoader+Utensils.swift */,
			);
			path = FileLoader;
			sourceTree = "<group>";
		};
		94569E352B2CB1D5008494E1 /* Trunk */ = {
			isa = PBXGroup;
			children = (
				940F9DFC239B146D0028937B /* Trunk.swift */,
				94872AFE2915D28E00D3528B /* Trunk+Utensils.swift */,
			);
			path = Trunk;
			sourceTree = "<group>";
		};
		94569E382B2CB6EE008494E1 /* Trunk */ = {
			isa = PBXGroup;
			children = (
				946AB1782390568C003D0016 /* TrunkSpec.swift */,
			);
			path = Trunk;
			sourceTree = "<group>";
		};
		94569E442B2F35A2008494E1 /* PequenoNetworking */ = {
			isa = PBXGroup;
			children = (
				9404C5662B4315F4001626C8 /* Fakes */,
				942B4E812B3B224C0086D749 /* Engine */,
				94FD50562B3B24590090455F /* Models */,
				94569E5C2B36498F008494E1 /* PequenoNetworking.swift */,
				94569E452B2F35BE008494E1 /* PequenoNetworking+Error.swift */,
				942B4E792B3A92150086D749 /* PequenoNetworkingConstants.swift */,
			);
			path = PequenoNetworking;
			sourceTree = "<group>";
		};
		94569E4F2B2FDC9C008494E1 /* PequenoNetworking */ = {
			isa = PBXGroup;
			children = (
				9404C5632B431448001626C8 /* Engine */,
				94FD50592B3B25D40090455F /* Models */,
				94569E522B2FDEA7008494E1 /* PequenoNetworking+ErrorSpec.swift */,
				942B4E7D2B3B206E0086D749 /* PequenoNetworkingConstantsSpec.swift */,
				94569E542B2FE491008494E1 /* PequenoNetworkingSpec.swift */,
			);
			path = PequenoNetworking;
			sourceTree = "<group>";
		};
		94569E592B30E765008494E1 /* Spec Files */ = {
			isa = PBXGroup;
			children = (
				947266432B4E208700353F4E /* CleanupUtils.swift */,
				94569E5A2B30E776008494E1 /* SpecModels.swift */,
			);
			path = "Spec Files";
			sourceTree = "<group>";
		};
		947266482B4F86B200353F4E /* Fakes */ = {
			isa = PBXGroup;
			children = (
				947266492B4F86C500353F4E /* FakeFileManagerUtensils.swift */,
			);
			path = Fakes;
			sourceTree = "<group>";
		};
		9472664F2B5056A500353F4E /* Models */ = {
			isa = PBXGroup;
			children = (
				9472663F2B4DBDDD00353F4E /* DirectoryIntegrationSpec.swift */,
			);
			path = Models;
			sourceTree = "<group>";
		};
		947266522B505D5700353F4E /* Trunk */ = {
			isa = PBXGroup;
			children = (
				947266532B505D6400353F4E /* TrunkIntegrationSpec.swift */,
			);
			path = Trunk;
			sourceTree = "<group>";
		};
		947266552B505D6F00353F4E /* FileLoader */ = {
			isa = PBXGroup;
			children = (
				94569E272B28EE64008494E1 /* FileLoaderIntegrationSpec.swift */,
			);
			path = FileLoader;
			sourceTree = "<group>";
		};
		94872AF12915D15400D3528B /* ViewControllers */ = {
			isa = PBXGroup;
			children = (
				94872AF32915D16F00D3528B /* AppLaunchViewController.swift */,
			);
			path = ViewControllers;
			sourceTree = "<group>";
		};
		94872AF62915D1B600D3528B /* Views */ = {
			isa = PBXGroup;
			children = (
				94872AF22915D16F00D3528B /* DefaultAppLaunchView.swift */,
			);
			path = Views;
			sourceTree = "<group>";
		};
		94872AF72915D1CE00D3528B /* Extensions */ = {
			isa = PBXGroup;
			children = (
				947266482B4F86B200353F4E /* Fakes */,
				94872AF82915D20700D3528B /* Bundle+Utensils.swift */,
				947266452B4F671A00353F4E /* FileManager+Utensils.swift */,
			);
			path = Extensions;
			sourceTree = "<group>";
		};
		94872AFA2915D23700D3528B /* Models */ = {
			isa = PBXGroup;
			children = (
				94872AFB2915D23E00D3528B /* Fakes */,
				940F9DF4239B14440028937B /* Directory.swift */,
				947266562B506A3A00353F4E /* Directory+Error.swift */,
			);
			path = Models;
			sourceTree = "<group>";
		};
		94872AFB2915D23E00D3528B /* Fakes */ = {
			isa = PBXGroup;
			children = (
				940F9DF2239B143E0028937B /* FakeDirectory.swift */,
			);
			path = Fakes;
			sourceTree = "<group>";
		};
		94872AFC2915D25C00D3528B /* Tools */ = {
			isa = PBXGroup;
			children = (
				94872AFD2915D26200D3528B /* Fakes */,
				94569E442B2F35A2008494E1 /* PequenoNetworking */,
				94569E342B2CB1C6008494E1 /* FileLoader */,
				94569E352B2CB1D5008494E1 /* Trunk */,
				940F9DFE239B146D0028937B /* Debouncer.swift */,
				94630F0623A93E870054BAAD /* Validator.swift */,
			);
			path = Tools;
			sourceTree = "<group>";
		};
		94872AFD2915D26200D3528B /* Fakes */ = {
			isa = PBXGroup;
			children = (
				940F9DF8239B14630028937B /* FakeDebouncer.swift */,
				94569E2F2B29F596008494E1 /* FakeFileLoader.swift */,
				940F9DF9239B14630028937B /* FakeTrunk.swift */,
			);
			path = Fakes;
			sourceTree = "<group>";
		};
		94B2AE6F2B3740770081B1FE /* PequenoNetworking */ = {
			isa = PBXGroup;
			children = (
				94B2AE702B3740900081B1FE /* PequenoNetworkingIntegrationSpec.swift */,
				947266412B4DE92500353F4E /* URLSessionExecutorIntegrationSpec.swift */,
			);
			path = PequenoNetworking;
			sourceTree = "<group>";
		};
		94DB463F239479C900D0C0A2 /* ViewControllers */ = {
			isa = PBXGroup;
			children = (
				94DB4640239479EF00D0C0A2 /* AppLaunchViewControllerSpec.swift */,
			);
			path = ViewControllers;
			sourceTree = "<group>";
		};
		94DB464223947BA500D0C0A2 /* Spec Files */ = {
			isa = PBXGroup;
			children = (
				940F9C6D23974A060028937B /* CustomView.swift */,
				94569E162B28E279008494E1 /* SomeTestFunctions.swift */,
				94630F0A23AA76CB0054BAAD /* SpecModels.swift */,
			);
			path = "Spec Files";
			sourceTree = "<group>";
		};
		94FD50562B3B24590090455F /* Models */ = {
			isa = PBXGroup;
			children = (
				94569E472B2F9FDA008494E1 /* HTTPMethod.swift */,
				94FD50572B3B24770090455F /* URLRequestBuilder.swift */,
				942B4E772B3A1E290086D749 /* URLRequestInfo.swift */,
			);
			path = Models;
			sourceTree = "<group>";
		};
		94FD50592B3B25D40090455F /* Models */ = {
			isa = PBXGroup;
			children = (
				94569E502B2FDCAC008494E1 /* HTTPMethodSpec.swift */,
				94FD505A2B3B26020090455F /* URLRequestBuilderSpec.swift */,
				942B4E7B2B3B1D900086D749 /* URLRequestInfoSpec.swift */,
			);
			path = Models;
			sourceTree = "<group>";
		};
		A652C60D94DF4AACE28CB4B1 /* Frameworks */ = {
			isa = PBXGroup;
			children = (
				940F9DB12399CA940028937B /* Capsule.framework */,
				C6AEDCB7A77793D6849DD9E0 /* Pods_Specs.framework */,
				EFFF1C07A0B87A5350505963 /* Pods_Utensils.framework */,
				C675609842C623220C7BDF38 /* Pods_IntegrationSpecs.framework */,
			);
			name = Frameworks;
			sourceTree = "<group>";
		};
/* End PBXGroup section */

/* Begin PBXHeadersBuildPhase section */
		94341AF4238CCECF00BC8355 /* Headers */ = {
			isa = PBXHeadersBuildPhase;
			buildActionMask = 2147483647;
			files = (
				94341AFE238CCECF00BC8355 /* Utensils.h in Headers */,
			);
			runOnlyForDeploymentPostprocessing = 0;
		};
/* End PBXHeadersBuildPhase section */

/* Begin PBXNativeTarget section */
		94341AF8238CCECF00BC8355 /* Utensils */ = {
			isa = PBXNativeTarget;
			buildConfigurationList = 94341B01238CCECF00BC8355 /* Build configuration list for PBXNativeTarget "Utensils" */;
			buildPhases = (
				837C0A270B30DE1D6E331A80 /* [CP] Check Pods Manifest.lock */,
				94341AF4238CCECF00BC8355 /* Headers */,
				94341AF5238CCECF00BC8355 /* Sources */,
				94341AF6238CCECF00BC8355 /* Frameworks */,
				94341AF7238CCECF00BC8355 /* Resources */,
				944A010A238CD5DC00957702 /* SwiftLint Run Script */,
			);
			buildRules = (
			);
			dependencies = (
			);
			name = Utensils;
			productName = Utensils;
			productReference = 94341AF9238CCECF00BC8355 /* Utensils.framework */;
			productType = "com.apple.product-type.framework";
		};
		944A0118238D7CBD00957702 /* Specs */ = {
			isa = PBXNativeTarget;
			buildConfigurationList = 944A0121238D7CBD00957702 /* Build configuration list for PBXNativeTarget "Specs" */;
			buildPhases = (
				E43586134090F086C8A90CA4 /* [CP] Check Pods Manifest.lock */,
				944A0115238D7CBD00957702 /* Sources */,
				944A0116238D7CBD00957702 /* Frameworks */,
				944A0117238D7CBD00957702 /* Resources */,
				35B541CC13CF3D017993DF3F /* [CP] Embed Pods Frameworks */,
			);
			buildRules = (
			);
			dependencies = (
				944A0120238D7CBD00957702 /* PBXTargetDependency */,
			);
			name = Specs;
			productName = Specs;
			productReference = 944A0119238D7CBD00957702 /* Specs.xctest */;
			productType = "com.apple.product-type.bundle.unit-test";
		};
		94569E1B2B28EC93008494E1 /* IntegrationSpecs */ = {
			isa = PBXNativeTarget;
			buildConfigurationList = 94569E232B28EC93008494E1 /* Build configuration list for PBXNativeTarget "IntegrationSpecs" */;
			buildPhases = (
				FE1E67D52AB958A9DF3DB696 /* [CP] Check Pods Manifest.lock */,
				94569E182B28EC93008494E1 /* Sources */,
				94569E192B28EC93008494E1 /* Frameworks */,
				94569E1A2B28EC93008494E1 /* Resources */,
				8E35B626FC7682CEF7B31B91 /* [CP] Embed Pods Frameworks */,
				9404C5872B43BD20001626C8 /* Embed Frameworks */,
			);
			buildRules = (
			);
			dependencies = (
				94569E222B28EC93008494E1 /* PBXTargetDependency */,
			);
			name = IntegrationSpecs;
			productName = IntegrationSpecs;
			productReference = 94569E1C2B28EC93008494E1 /* IntegrationSpecs.xctest */;
			productType = "com.apple.product-type.bundle.unit-test";
		};
/* End PBXNativeTarget section */

/* Begin PBXProject section */
		94341AF0238CCECF00BC8355 /* Project object */ = {
			isa = PBXProject;
			attributes = {
				BuildIndependentTargetsInParallel = YES;
				LastSwiftUpdateCheck = 1500;
				LastUpgradeCheck = 1510;
				TargetAttributes = {
					94341AF8238CCECF00BC8355 = {
						CreatedOnToolsVersion = 11.2.1;
						LastSwiftMigration = 1120;
					};
					944A0118238D7CBD00957702 = {
						CreatedOnToolsVersion = 11.2.1;
					};
					94569E1B2B28EC93008494E1 = {
						CreatedOnToolsVersion = 15.0.1;
					};
				};
			};
			buildConfigurationList = 94341AF3238CCECF00BC8355 /* Build configuration list for PBXProject "Utensils" */;
			compatibilityVersion = "Xcode 9.3";
			developmentRegion = en;
			hasScannedForEncodings = 0;
			knownRegions = (
				en,
				Base,
			);
			mainGroup = 94341AEF238CCECF00BC8355;
			productRefGroup = 94341AFA238CCECF00BC8355 /* Products */;
			projectDirPath = "";
			projectRoot = "";
			targets = (
				94341AF8238CCECF00BC8355 /* Utensils */,
				944A0118238D7CBD00957702 /* Specs */,
				94569E1B2B28EC93008494E1 /* IntegrationSpecs */,
			);
		};
/* End PBXProject section */

/* Begin PBXResourcesBuildPhase section */
		94341AF7238CCECF00BC8355 /* Resources */ = {
			isa = PBXResourcesBuildPhase;
			buildActionMask = 2147483647;
			files = (
			);
			runOnlyForDeploymentPostprocessing = 0;
		};
		944A0117238D7CBD00957702 /* Resources */ = {
			isa = PBXResourcesBuildPhase;
			buildActionMask = 2147483647;
			files = (
			);
			runOnlyForDeploymentPostprocessing = 0;
		};
		94569E1A2B28EC93008494E1 /* Resources */ = {
			isa = PBXResourcesBuildPhase;
			buildActionMask = 2147483647;
			files = (
				94569E2E2B28F655008494E1 /* file.json in Resources */,
			);
			runOnlyForDeploymentPostprocessing = 0;
		};
/* End PBXResourcesBuildPhase section */

/* Begin PBXShellScriptBuildPhase section */
		35B541CC13CF3D017993DF3F /* [CP] Embed Pods Frameworks */ = {
			isa = PBXShellScriptBuildPhase;
			buildActionMask = 2147483647;
			files = (
			);
			inputFileListPaths = (
				"${PODS_ROOT}/Target Support Files/Pods-Specs/Pods-Specs-frameworks-${CONFIGURATION}-input-files.xcfilelist",
			);
			name = "[CP] Embed Pods Frameworks";
			outputFileListPaths = (
				"${PODS_ROOT}/Target Support Files/Pods-Specs/Pods-Specs-frameworks-${CONFIGURATION}-output-files.xcfilelist",
			);
			runOnlyForDeploymentPostprocessing = 0;
			shellPath = /bin/sh;
			shellScript = "\"${PODS_ROOT}/Target Support Files/Pods-Specs/Pods-Specs-frameworks.sh\"\n";
			showEnvVarsInLog = 0;
		};
		837C0A270B30DE1D6E331A80 /* [CP] Check Pods Manifest.lock */ = {
			isa = PBXShellScriptBuildPhase;
			buildActionMask = 2147483647;
			files = (
			);
			inputFileListPaths = (
			);
			inputPaths = (
				"${PODS_PODFILE_DIR_PATH}/Podfile.lock",
				"${PODS_ROOT}/Manifest.lock",
			);
			name = "[CP] Check Pods Manifest.lock";
			outputFileListPaths = (
			);
			outputPaths = (
				"$(DERIVED_FILE_DIR)/Pods-Utensils-checkManifestLockResult.txt",
			);
			runOnlyForDeploymentPostprocessing = 0;
			shellPath = /bin/sh;
			shellScript = "diff \"${PODS_PODFILE_DIR_PATH}/Podfile.lock\" \"${PODS_ROOT}/Manifest.lock\" > /dev/null\nif [ $? != 0 ] ; then\n    # print error to STDERR\n    echo \"error: The sandbox is not in sync with the Podfile.lock. Run 'pod install' or update your CocoaPods installation.\" >&2\n    exit 1\nfi\n# This output is used by Xcode 'outputs' to avoid re-running this script phase.\necho \"SUCCESS\" > \"${SCRIPT_OUTPUT_FILE_0}\"\n";
			showEnvVarsInLog = 0;
		};
		8E35B626FC7682CEF7B31B91 /* [CP] Embed Pods Frameworks */ = {
			isa = PBXShellScriptBuildPhase;
			buildActionMask = 2147483647;
			files = (
			);
			inputFileListPaths = (
				"${PODS_ROOT}/Target Support Files/Pods-IntegrationSpecs/Pods-IntegrationSpecs-frameworks-${CONFIGURATION}-input-files.xcfilelist",
			);
			name = "[CP] Embed Pods Frameworks";
			outputFileListPaths = (
				"${PODS_ROOT}/Target Support Files/Pods-IntegrationSpecs/Pods-IntegrationSpecs-frameworks-${CONFIGURATION}-output-files.xcfilelist",
			);
			runOnlyForDeploymentPostprocessing = 0;
			shellPath = /bin/sh;
			shellScript = "\"${PODS_ROOT}/Target Support Files/Pods-IntegrationSpecs/Pods-IntegrationSpecs-frameworks.sh\"\n";
			showEnvVarsInLog = 0;
		};
		944A010A238CD5DC00957702 /* SwiftLint Run Script */ = {
			isa = PBXShellScriptBuildPhase;
			alwaysOutOfDate = 1;
			buildActionMask = 2147483647;
			files = (
			);
			inputFileListPaths = (
			);
			inputPaths = (
			);
			name = "SwiftLint Run Script";
			outputFileListPaths = (
			);
			outputPaths = (
			);
			runOnlyForDeploymentPostprocessing = 0;
			shellPath = /bin/sh;
			shellScript = "${PODS_ROOT}/SwiftLint/swiftlint\n";
		};
		E43586134090F086C8A90CA4 /* [CP] Check Pods Manifest.lock */ = {
			isa = PBXShellScriptBuildPhase;
			buildActionMask = 2147483647;
			files = (
			);
			inputFileListPaths = (
			);
			inputPaths = (
				"${PODS_PODFILE_DIR_PATH}/Podfile.lock",
				"${PODS_ROOT}/Manifest.lock",
			);
			name = "[CP] Check Pods Manifest.lock";
			outputFileListPaths = (
			);
			outputPaths = (
				"$(DERIVED_FILE_DIR)/Pods-Specs-checkManifestLockResult.txt",
			);
			runOnlyForDeploymentPostprocessing = 0;
			shellPath = /bin/sh;
			shellScript = "diff \"${PODS_PODFILE_DIR_PATH}/Podfile.lock\" \"${PODS_ROOT}/Manifest.lock\" > /dev/null\nif [ $? != 0 ] ; then\n    # print error to STDERR\n    echo \"error: The sandbox is not in sync with the Podfile.lock. Run 'pod install' or update your CocoaPods installation.\" >&2\n    exit 1\nfi\n# This output is used by Xcode 'outputs' to avoid re-running this script phase.\necho \"SUCCESS\" > \"${SCRIPT_OUTPUT_FILE_0}\"\n";
			showEnvVarsInLog = 0;
		};
		FE1E67D52AB958A9DF3DB696 /* [CP] Check Pods Manifest.lock */ = {
			isa = PBXShellScriptBuildPhase;
			buildActionMask = 2147483647;
			files = (
			);
			inputFileListPaths = (
			);
			inputPaths = (
				"${PODS_PODFILE_DIR_PATH}/Podfile.lock",
				"${PODS_ROOT}/Manifest.lock",
			);
			name = "[CP] Check Pods Manifest.lock";
			outputFileListPaths = (
			);
			outputPaths = (
				"$(DERIVED_FILE_DIR)/Pods-IntegrationSpecs-checkManifestLockResult.txt",
			);
			runOnlyForDeploymentPostprocessing = 0;
			shellPath = /bin/sh;
			shellScript = "diff \"${PODS_PODFILE_DIR_PATH}/Podfile.lock\" \"${PODS_ROOT}/Manifest.lock\" > /dev/null\nif [ $? != 0 ] ; then\n    # print error to STDERR\n    echo \"error: The sandbox is not in sync with the Podfile.lock. Run 'pod install' or update your CocoaPods installation.\" >&2\n    exit 1\nfi\n# This output is used by Xcode 'outputs' to avoid re-running this script phase.\necho \"SUCCESS\" > \"${SCRIPT_OUTPUT_FILE_0}\"\n";
			showEnvVarsInLog = 0;
		};
/* End PBXShellScriptBuildPhase section */

/* Begin PBXSourcesBuildPhase section */
		94341AF5238CCECF00BC8355 /* Sources */ = {
			isa = PBXSourcesBuildPhase;
			buildActionMask = 2147483647;
			files = (
				94FD505D2B3B48280090455F /* URLSessionExecutor.swift in Sources */,
				9472664B2B4F86EA00353F4E /* FakeFileManagerUtensils.swift in Sources */,
				947266582B506A8B00353F4E /* Directory+Error.swift in Sources */,
				94569E302B29F596008494E1 /* FakeFileLoader.swift in Sources */,
				94BCF31C2B485F38008A5D78 /* FakePequenoNetworking.swift in Sources */,
				94FD50582B3B24770090455F /* URLRequestBuilder.swift in Sources */,
				94569E372B2CB1EE008494E1 /* FileLoader+Utensils.swift in Sources */,
				9404C5722B431AF6001626C8 /* FakeClassicNetworkingEngine.swift in Sources */,
				94FD50632B3C7C4F0090455F /* NetworkingEngine.swift in Sources */,
				947266472B4F85E900353F4E /* FileManager+Utensils.swift in Sources */,
				940F9DFB239B14630028937B /* FakeTrunk.swift in Sources */,
				94569E462B2F35BE008494E1 /* PequenoNetworking+Error.swift in Sources */,
				94872AF52915D16F00D3528B /* AppLaunchViewController.swift in Sources */,
				9404C5692B43162E001626C8 /* FakeURLRequestBuilder.swift in Sources */,
				940F9DF5239B14440028937B /* Directory.swift in Sources */,
				94FD50602B3B8F9A0090455F /* ClassicNetworkingEngine.swift in Sources */,
				940F9DFA239B14630028937B /* FakeDebouncer.swift in Sources */,
				94872AF42915D16F00D3528B /* DefaultAppLaunchView.swift in Sources */,
				9404C56F2B4318E3001626C8 /* FakeNetworkingEngine.swift in Sources */,
				940F9DF3239B143E0028937B /* FakeDirectory.swift in Sources */,
				9404C56C2B43183C001626C8 /* FakeURLSessionExecutor.swift in Sources */,
				9401276A2B20B3F600C0D7CD /* FileLoader.swift in Sources */,
				94872AFF2915D28E00D3528B /* Trunk+Utensils.swift in Sources */,
				94569E482B2F9FDA008494E1 /* HTTPMethod.swift in Sources */,
				94569E5D2B36498F008494E1 /* PequenoNetworking.swift in Sources */,
				94630F0723A93E870054BAAD /* Validator.swift in Sources */,
				942B4E782B3A1E290086D749 /* URLRequestInfo.swift in Sources */,
				94872AF92915D20700D3528B /* Bundle+Utensils.swift in Sources */,
				940F9E01239B146D0028937B /* Debouncer.swift in Sources */,
				942B4E7A2B3A92150086D749 /* PequenoNetworkingConstants.swift in Sources */,
				940F9DFF239B146D0028937B /* Trunk.swift in Sources */,
			);
			runOnlyForDeploymentPostprocessing = 0;
		};
		944A0115238D7CBD00957702 /* Sources */ = {
			isa = PBXSourcesBuildPhase;
			buildActionMask = 2147483647;
			files = (
				940F9C6E23974A060028937B /* CustomView.swift in Sources */,
				9404C5652B431523001626C8 /* ClassicNetworkingEngineSpec.swift in Sources */,
				94569E532B2FDEA7008494E1 /* PequenoNetworking+ErrorSpec.swift in Sources */,
				94569E152B274845008494E1 /* FileLoaderSpec.swift in Sources */,
				946AB1792390568C003D0016 /* TrunkSpec.swift in Sources */,
				9472665C2B5076AA00353F4E /* Directory+ErrorSpec.swift in Sources */,
				94630F0B23AA76CB0054BAAD /* SpecModels.swift in Sources */,
				940682AC238EE03A004278CB /* DirectorySpec.swift in Sources */,
				942B4E7C2B3B1D900086D749 /* URLRequestInfoSpec.swift in Sources */,
				94630F0923AA6D440054BAAD /* ValidatorSpec.swift in Sources */,
				94FD505B2B3B26020090455F /* URLRequestBuilderSpec.swift in Sources */,
				94569E552B2FE491008494E1 /* PequenoNetworkingSpec.swift in Sources */,
				94569E3A2B2DDBA4008494E1 /* FileLoader+UtensilsSpec.swift in Sources */,
				94FD505F2B3B4A7B0090455F /* URLSessionExecutorSpec.swift in Sources */,
				94569E512B2FDCAC008494E1 /* HTTPMethodSpec.swift in Sources */,
				9404C5742B4332F9001626C8 /* NetworkingEngineSpec.swift in Sources */,
				94569E172B28E279008494E1 /* SomeTestFunctions.swift in Sources */,
				942B4E7E2B3B206E0086D749 /* PequenoNetworkingConstantsSpec.swift in Sources */,
				94DB4641239479EF00D0C0A2 /* AppLaunchViewControllerSpec.swift in Sources */,
				9406829E238D7F24004278CB /* DebouncerSpec.swift in Sources */,
			);
			runOnlyForDeploymentPostprocessing = 0;
		};
		94569E182B28EC93008494E1 /* Sources */ = {
			isa = PBXSourcesBuildPhase;
			buildActionMask = 2147483647;
			files = (
				947266542B505D6400353F4E /* TrunkIntegrationSpec.swift in Sources */,
				94B2AE712B3740900081B1FE /* PequenoNetworkingIntegrationSpec.swift in Sources */,
				94569E5B2B30E776008494E1 /* SpecModels.swift in Sources */,
				947266402B4DBDDD00353F4E /* DirectoryIntegrationSpec.swift in Sources */,
				947266422B4DE92500353F4E /* URLSessionExecutorIntegrationSpec.swift in Sources */,
				94569E282B28EE64008494E1 /* FileLoaderIntegrationSpec.swift in Sources */,
				94569E582B30E19D008494E1 /* SomeTestFunctions.swift in Sources */,
				947266442B4E208700353F4E /* CleanupUtils.swift in Sources */,
			);
			runOnlyForDeploymentPostprocessing = 0;
		};
/* End PBXSourcesBuildPhase section */

/* Begin PBXTargetDependency section */
		944A0120238D7CBD00957702 /* PBXTargetDependency */ = {
			isa = PBXTargetDependency;
			target = 94341AF8238CCECF00BC8355 /* Utensils */;
			targetProxy = 944A011F238D7CBD00957702 /* PBXContainerItemProxy */;
		};
		94569E222B28EC93008494E1 /* PBXTargetDependency */ = {
			isa = PBXTargetDependency;
			platformFilter = ios;
			target = 94341AF8238CCECF00BC8355 /* Utensils */;
			targetProxy = 94569E212B28EC93008494E1 /* PBXContainerItemProxy */;
		};
/* End PBXTargetDependency section */

/* Begin XCBuildConfiguration section */
		94341AFF238CCECF00BC8355 /* Debug */ = {
			isa = XCBuildConfiguration;
			buildSettings = {
				ALWAYS_SEARCH_USER_PATHS = NO;
				ASSETCATALOG_COMPILER_GENERATE_SWIFT_ASSET_SYMBOL_EXTENSIONS = YES;
				CLANG_ANALYZER_NONNULL = YES;
				CLANG_ANALYZER_NUMBER_OBJECT_CONVERSION = YES_AGGRESSIVE;
				CLANG_CXX_LANGUAGE_STANDARD = "gnu++14";
				CLANG_CXX_LIBRARY = "libc++";
				CLANG_ENABLE_MODULES = YES;
				CLANG_ENABLE_OBJC_ARC = YES;
				CLANG_ENABLE_OBJC_WEAK = YES;
				CLANG_WARN_BLOCK_CAPTURE_AUTORELEASING = YES;
				CLANG_WARN_BOOL_CONVERSION = YES;
				CLANG_WARN_COMMA = YES;
				CLANG_WARN_CONSTANT_CONVERSION = YES;
				CLANG_WARN_DEPRECATED_OBJC_IMPLEMENTATIONS = YES;
				CLANG_WARN_DIRECT_OBJC_ISA_USAGE = YES_ERROR;
				CLANG_WARN_DOCUMENTATION_COMMENTS = YES;
				CLANG_WARN_EMPTY_BODY = YES;
				CLANG_WARN_ENUM_CONVERSION = YES;
				CLANG_WARN_INFINITE_RECURSION = YES;
				CLANG_WARN_INT_CONVERSION = YES;
				CLANG_WARN_NON_LITERAL_NULL_CONVERSION = YES;
				CLANG_WARN_OBJC_IMPLICIT_RETAIN_SELF = YES;
				CLANG_WARN_OBJC_LITERAL_CONVERSION = YES;
				CLANG_WARN_OBJC_ROOT_CLASS = YES_ERROR;
				CLANG_WARN_QUOTED_INCLUDE_IN_FRAMEWORK_HEADER = YES;
				CLANG_WARN_RANGE_LOOP_ANALYSIS = YES;
				CLANG_WARN_STRICT_PROTOTYPES = YES;
				CLANG_WARN_SUSPICIOUS_MOVE = YES;
				CLANG_WARN_UNGUARDED_AVAILABILITY = YES_AGGRESSIVE;
				CLANG_WARN_UNREACHABLE_CODE = YES;
				CLANG_WARN__DUPLICATE_METHOD_MATCH = YES;
				COPY_PHASE_STRIP = NO;
				CURRENT_PROJECT_VERSION = 1;
				DEBUG_INFORMATION_FORMAT = dwarf;
				ENABLE_STRICT_OBJC_MSGSEND = YES;
				ENABLE_TESTABILITY = YES;
				GCC_C_LANGUAGE_STANDARD = gnu11;
				GCC_DYNAMIC_NO_PIC = NO;
				GCC_NO_COMMON_BLOCKS = YES;
				GCC_OPTIMIZATION_LEVEL = 0;
				GCC_PREPROCESSOR_DEFINITIONS = (
					"DEBUG=1",
					"$(inherited)",
				);
				GCC_WARN_64_TO_32_BIT_CONVERSION = YES;
				GCC_WARN_ABOUT_RETURN_TYPE = YES_ERROR;
				GCC_WARN_UNDECLARED_SELECTOR = YES;
				GCC_WARN_UNINITIALIZED_AUTOS = YES_AGGRESSIVE;
				GCC_WARN_UNUSED_FUNCTION = YES;
				GCC_WARN_UNUSED_VARIABLE = YES;
				IPHONEOS_DEPLOYMENT_TARGET = 12.0;
				MARKETING_VERSION = 0.4.0;
				MTL_ENABLE_DEBUG_INFO = INCLUDE_SOURCE;
				MTL_FAST_MATH = YES;
				ONLY_ACTIVE_ARCH = YES;
				SDKROOT = iphoneos;
				SWIFT_ACTIVE_COMPILATION_CONDITIONS = DEBUG;
				SWIFT_OPTIMIZATION_LEVEL = "-Onone";
				VERSIONING_SYSTEM = "apple-generic";
				VERSION_INFO_PREFIX = "";
			};
			name = Debug;
		};
		94341B00238CCECF00BC8355 /* Release */ = {
			isa = XCBuildConfiguration;
			buildSettings = {
				ALWAYS_SEARCH_USER_PATHS = NO;
				ASSETCATALOG_COMPILER_GENERATE_SWIFT_ASSET_SYMBOL_EXTENSIONS = YES;
				CLANG_ANALYZER_NONNULL = YES;
				CLANG_ANALYZER_NUMBER_OBJECT_CONVERSION = YES_AGGRESSIVE;
				CLANG_CXX_LANGUAGE_STANDARD = "gnu++14";
				CLANG_CXX_LIBRARY = "libc++";
				CLANG_ENABLE_MODULES = YES;
				CLANG_ENABLE_OBJC_ARC = YES;
				CLANG_ENABLE_OBJC_WEAK = YES;
				CLANG_WARN_BLOCK_CAPTURE_AUTORELEASING = YES;
				CLANG_WARN_BOOL_CONVERSION = YES;
				CLANG_WARN_COMMA = YES;
				CLANG_WARN_CONSTANT_CONVERSION = YES;
				CLANG_WARN_DEPRECATED_OBJC_IMPLEMENTATIONS = YES;
				CLANG_WARN_DIRECT_OBJC_ISA_USAGE = YES_ERROR;
				CLANG_WARN_DOCUMENTATION_COMMENTS = YES;
				CLANG_WARN_EMPTY_BODY = YES;
				CLANG_WARN_ENUM_CONVERSION = YES;
				CLANG_WARN_INFINITE_RECURSION = YES;
				CLANG_WARN_INT_CONVERSION = YES;
				CLANG_WARN_NON_LITERAL_NULL_CONVERSION = YES;
				CLANG_WARN_OBJC_IMPLICIT_RETAIN_SELF = YES;
				CLANG_WARN_OBJC_LITERAL_CONVERSION = YES;
				CLANG_WARN_OBJC_ROOT_CLASS = YES_ERROR;
				CLANG_WARN_QUOTED_INCLUDE_IN_FRAMEWORK_HEADER = YES;
				CLANG_WARN_RANGE_LOOP_ANALYSIS = YES;
				CLANG_WARN_STRICT_PROTOTYPES = YES;
				CLANG_WARN_SUSPICIOUS_MOVE = YES;
				CLANG_WARN_UNGUARDED_AVAILABILITY = YES_AGGRESSIVE;
				CLANG_WARN_UNREACHABLE_CODE = YES;
				CLANG_WARN__DUPLICATE_METHOD_MATCH = YES;
				COPY_PHASE_STRIP = NO;
				CURRENT_PROJECT_VERSION = 1;
				DEBUG_INFORMATION_FORMAT = "dwarf-with-dsym";
				ENABLE_NS_ASSERTIONS = NO;
				ENABLE_STRICT_OBJC_MSGSEND = YES;
				GCC_C_LANGUAGE_STANDARD = gnu11;
				GCC_NO_COMMON_BLOCKS = YES;
				GCC_WARN_64_TO_32_BIT_CONVERSION = YES;
				GCC_WARN_ABOUT_RETURN_TYPE = YES_ERROR;
				GCC_WARN_UNDECLARED_SELECTOR = YES;
				GCC_WARN_UNINITIALIZED_AUTOS = YES_AGGRESSIVE;
				GCC_WARN_UNUSED_FUNCTION = YES;
				GCC_WARN_UNUSED_VARIABLE = YES;
				IPHONEOS_DEPLOYMENT_TARGET = 12.0;
				MARKETING_VERSION = 0.4.0;
				MTL_ENABLE_DEBUG_INFO = NO;
				MTL_FAST_MATH = YES;
				SDKROOT = iphoneos;
				SWIFT_COMPILATION_MODE = wholemodule;
				SWIFT_OPTIMIZATION_LEVEL = "-O";
				VALIDATE_PRODUCT = YES;
				VERSIONING_SYSTEM = "apple-generic";
				VERSION_INFO_PREFIX = "";
			};
			name = Release;
		};
		94341B02238CCECF00BC8355 /* Debug */ = {
			isa = XCBuildConfiguration;
			baseConfigurationReference = 0F65C3E235F028D5409A1E1C /* Pods-Utensils.debug.xcconfig */;
			buildSettings = {
				CLANG_ENABLE_MODULES = YES;
				CODE_SIGN_STYLE = Manual;
				DEFINES_MODULE = YES;
				DEVELOPMENT_TEAM = "";
				DYLIB_COMPATIBILITY_VERSION = 1;
				DYLIB_CURRENT_VERSION = 1;
				DYLIB_INSTALL_NAME_BASE = "@rpath";
				ENABLE_MODULE_VERIFIER = YES;
				FRAMEWORK_SEARCH_PATHS = "$(inherited)";
				INFOPLIST_FILE = Utensils/Info.plist;
				INSTALL_PATH = "$(LOCAL_LIBRARY_DIR)/Frameworks";
				IPHONEOS_DEPLOYMENT_TARGET = 12.0;
				LD_RUNPATH_SEARCH_PATHS = (
					"$(inherited)",
					"@executable_path/Frameworks",
					"@loader_path/Frameworks",
				);
				MARKETING_VERSION = 0.4.0;
				MODULE_VERIFIER_SUPPORTED_LANGUAGES = "objective-c objective-c++";
				MODULE_VERIFIER_SUPPORTED_LANGUAGE_STANDARDS = "gnu11 gnu++14";
				PRODUCT_BUNDLE_IDENTIFIER = teamthick.utensils;
				PRODUCT_NAME = "$(TARGET_NAME:c99extidentifier)";
				PROVISIONING_PROFILE_SPECIFIER = "";
				SKIP_INSTALL = YES;
				SUPPORTED_PLATFORMS = "iphoneos iphonesimulator";
				SUPPORTS_MACCATALYST = NO;
				SUPPORTS_MAC_DESIGNED_FOR_IPHONE_IPAD = NO;
				SWIFT_OPTIMIZATION_LEVEL = "-Onone";
				SWIFT_VERSION = 5.0;
				TARGETED_DEVICE_FAMILY = "1,2";
			};
			name = Debug;
		};
		94341B03238CCECF00BC8355 /* Release */ = {
			isa = XCBuildConfiguration;
			baseConfigurationReference = 2C8107B3228DC8AD8DAFF86E /* Pods-Utensils.release.xcconfig */;
			buildSettings = {
				CLANG_ENABLE_MODULES = YES;
				CODE_SIGN_STYLE = Manual;
				DEFINES_MODULE = YES;
				DEVELOPMENT_TEAM = "";
				DYLIB_COMPATIBILITY_VERSION = 1;
				DYLIB_CURRENT_VERSION = 1;
				DYLIB_INSTALL_NAME_BASE = "@rpath";
				ENABLE_MODULE_VERIFIER = YES;
				FRAMEWORK_SEARCH_PATHS = "$(inherited)";
				INFOPLIST_FILE = Utensils/Info.plist;
				INSTALL_PATH = "$(LOCAL_LIBRARY_DIR)/Frameworks";
				IPHONEOS_DEPLOYMENT_TARGET = 12.0;
				LD_RUNPATH_SEARCH_PATHS = (
					"$(inherited)",
					"@executable_path/Frameworks",
					"@loader_path/Frameworks",
				);
				MARKETING_VERSION = 0.4.0;
				MODULE_VERIFIER_SUPPORTED_LANGUAGES = "objective-c objective-c++";
				MODULE_VERIFIER_SUPPORTED_LANGUAGE_STANDARDS = "gnu11 gnu++14";
				PRODUCT_BUNDLE_IDENTIFIER = teamthick.utensils;
				PRODUCT_NAME = "$(TARGET_NAME:c99extidentifier)";
				PROVISIONING_PROFILE_SPECIFIER = "";
				SKIP_INSTALL = YES;
				SUPPORTED_PLATFORMS = "iphoneos iphonesimulator";
				SUPPORTS_MACCATALYST = NO;
				SUPPORTS_MAC_DESIGNED_FOR_IPHONE_IPAD = NO;
				SWIFT_VERSION = 5.0;
				TARGETED_DEVICE_FAMILY = "1,2";
			};
			name = Release;
		};
		944A0122238D7CBD00957702 /* Debug */ = {
			isa = XCBuildConfiguration;
			baseConfigurationReference = A549590B733FCDA00A8D606F /* Pods-Specs.debug.xcconfig */;
			buildSettings = {
				CODE_SIGN_STYLE = Manual;
				DEVELOPMENT_TEAM = "";
				INFOPLIST_FILE = "Specs/Supporting Files/Info.plist";
				IPHONEOS_DEPLOYMENT_TARGET = 15.0;
				LD_RUNPATH_SEARCH_PATHS = (
					"$(inherited)",
					"@executable_path/Frameworks",
					"@loader_path/Frameworks",
				);
				PRODUCT_BUNDLE_IDENTIFIER = teamthick.Specs;
				PRODUCT_NAME = "$(TARGET_NAME)";
				PROVISIONING_PROFILE_SPECIFIER = "";
				"PROVISIONING_PROFILE_SPECIFIER[sdk=macosx*]" = "";
				SUPPORTED_PLATFORMS = "iphoneos iphonesimulator";
				SUPPORTS_MACCATALYST = NO;
				SUPPORTS_MAC_DESIGNED_FOR_IPHONE_IPAD = NO;
				SWIFT_VERSION = 5.0;
				TARGETED_DEVICE_FAMILY = "1,2";
			};
			name = Debug;
		};
		944A0123238D7CBD00957702 /* Release */ = {
			isa = XCBuildConfiguration;
			baseConfigurationReference = 3A6F222921BB88AC6112B781 /* Pods-Specs.release.xcconfig */;
			buildSettings = {
				CODE_SIGN_STYLE = Manual;
				DEVELOPMENT_TEAM = "";
				INFOPLIST_FILE = "Specs/Supporting Files/Info.plist";
				IPHONEOS_DEPLOYMENT_TARGET = 15.0;
				LD_RUNPATH_SEARCH_PATHS = (
					"$(inherited)",
					"@executable_path/Frameworks",
					"@loader_path/Frameworks",
				);
				PRODUCT_BUNDLE_IDENTIFIER = teamthick.Specs;
				PRODUCT_NAME = "$(TARGET_NAME)";
				PROVISIONING_PROFILE_SPECIFIER = "";
				"PROVISIONING_PROFILE_SPECIFIER[sdk=macosx*]" = "";
				SUPPORTED_PLATFORMS = "iphoneos iphonesimulator";
				SUPPORTS_MACCATALYST = NO;
				SUPPORTS_MAC_DESIGNED_FOR_IPHONE_IPAD = NO;
				SWIFT_VERSION = 5.0;
				TARGETED_DEVICE_FAMILY = "1,2";
			};
			name = Release;
		};
		94569E242B28EC93008494E1 /* Debug */ = {
			isa = XCBuildConfiguration;
			baseConfigurationReference = 5A14836A6AD19BEAEE8B91C2 /* Pods-IntegrationSpecs.debug.xcconfig */;
			buildSettings = {
				ASSETCATALOG_COMPILER_GENERATE_SWIFT_ASSET_SYMBOL_EXTENSIONS = YES;
				CLANG_CXX_LANGUAGE_STANDARD = "gnu++20";
				CODE_SIGN_STYLE = Manual;
				CURRENT_PROJECT_VERSION = 1;
				DEVELOPMENT_TEAM = "";
				ENABLE_USER_SCRIPT_SANDBOXING = NO;
				GCC_C_LANGUAGE_STANDARD = gnu17;
				GENERATE_INFOPLIST_FILE = YES;
				IPHONEOS_DEPLOYMENT_TARGET = 15.0;
				LOCALIZATION_PREFERS_STRING_CATALOGS = YES;
				MARKETING_VERSION = 0.2.2;
				PRODUCT_BUNDLE_IDENTIFIER = teamthick.IntegrationSpecs;
				PRODUCT_NAME = "$(TARGET_NAME)";
				PROVISIONING_PROFILE_SPECIFIER = "";
				SUPPORTED_PLATFORMS = "iphoneos iphonesimulator";
				SUPPORTS_MACCATALYST = NO;
				SUPPORTS_MAC_DESIGNED_FOR_IPHONE_IPAD = NO;
				SWIFT_ACTIVE_COMPILATION_CONDITIONS = "DEBUG $(inherited)";
				SWIFT_EMIT_LOC_STRINGS = NO;
				SWIFT_VERSION = 5.0;
				TARGETED_DEVICE_FAMILY = "1,2";
			};
			name = Debug;
		};
		94569E252B28EC93008494E1 /* Release */ = {
			isa = XCBuildConfiguration;
			baseConfigurationReference = 9F3A5BD0ACB0A9B3B2A60C30 /* Pods-IntegrationSpecs.release.xcconfig */;
			buildSettings = {
				ASSETCATALOG_COMPILER_GENERATE_SWIFT_ASSET_SYMBOL_EXTENSIONS = YES;
				CLANG_CXX_LANGUAGE_STANDARD = "gnu++20";
				CODE_SIGN_STYLE = Manual;
				CURRENT_PROJECT_VERSION = 1;
				DEVELOPMENT_TEAM = "";
				ENABLE_USER_SCRIPT_SANDBOXING = NO;
				GCC_C_LANGUAGE_STANDARD = gnu17;
				GENERATE_INFOPLIST_FILE = YES;
				IPHONEOS_DEPLOYMENT_TARGET = 15.0;
				LOCALIZATION_PREFERS_STRING_CATALOGS = YES;
				MARKETING_VERSION = 0.2.2;
				PRODUCT_BUNDLE_IDENTIFIER = teamthick.IntegrationSpecs;
				PRODUCT_NAME = "$(TARGET_NAME)";
				PROVISIONING_PROFILE_SPECIFIER = "";
				SUPPORTED_PLATFORMS = "iphoneos iphonesimulator";
				SUPPORTS_MACCATALYST = NO;
				SUPPORTS_MAC_DESIGNED_FOR_IPHONE_IPAD = NO;
				SWIFT_EMIT_LOC_STRINGS = NO;
				SWIFT_VERSION = 5.0;
				TARGETED_DEVICE_FAMILY = "1,2";
			};
			name = Release;
		};
/* End XCBuildConfiguration section */

/* Begin XCConfigurationList section */
		94341AF3238CCECF00BC8355 /* Build configuration list for PBXProject "Utensils" */ = {
			isa = XCConfigurationList;
			buildConfigurations = (
				94341AFF238CCECF00BC8355 /* Debug */,
				94341B00238CCECF00BC8355 /* Release */,
			);
			defaultConfigurationIsVisible = 0;
			defaultConfigurationName = Release;
		};
		94341B01238CCECF00BC8355 /* Build configuration list for PBXNativeTarget "Utensils" */ = {
			isa = XCConfigurationList;
			buildConfigurations = (
				94341B02238CCECF00BC8355 /* Debug */,
				94341B03238CCECF00BC8355 /* Release */,
			);
			defaultConfigurationIsVisible = 0;
			defaultConfigurationName = Release;
		};
		944A0121238D7CBD00957702 /* Build configuration list for PBXNativeTarget "Specs" */ = {
			isa = XCConfigurationList;
			buildConfigurations = (
				944A0122238D7CBD00957702 /* Debug */,
				944A0123238D7CBD00957702 /* Release */,
			);
			defaultConfigurationIsVisible = 0;
			defaultConfigurationName = Release;
		};
		94569E232B28EC93008494E1 /* Build configuration list for PBXNativeTarget "IntegrationSpecs" */ = {
			isa = XCConfigurationList;
			buildConfigurations = (
				94569E242B28EC93008494E1 /* Debug */,
				94569E252B28EC93008494E1 /* Release */,
			);
			defaultConfigurationIsVisible = 0;
			defaultConfigurationName = Release;
		};
/* End XCConfigurationList section */
	};
	rootObject = 94341AF0238CCECF00BC8355 /* Project object */;
}
